
Microsoft Visual Studio Solution File, Format Version 12.00
# Visual Studio Version 16
VisualStudioVersion = 16.0.32106.194
MinimumVisualStudioVersion = 10.0.40219.1
Project("{9A19103F-16F7-4668-BE54-9A1E7A4F7556}") = "OOPAndFiles", "OOPAndFiles\OOPAndFiles.csproj", "{A5C7EB3A-0EBF-4BF1-8657-18512CA23379}"
EndProject
Project("{9A19103F-16F7-4668-BE54-9A1E7A4F7556}") = "Frozen", "..\Frozen\Frozen\Frozen.csproj", "{2DD09EB2-416A-4823-A2D8-9C47277E53E1}"
EndProject
Global
	GlobalSection(SolutionConfigurationPlatforms) = preSolution
		Debug|Any CPU = Debug|Any CPU
		Release|Any CPU = Release|Any CPU
	EndGlobalSection
	GlobalSection(ProjectConfigurationPlatforms) = postSolution
		{A5C7EB3A-0EBF-4BF1-8657-18512CA23379}.Debug|Any CPU.ActiveCfg = Debug|Any CPU
		{A5C7EB3A-0EBF-4BF1-8657-18512CA23379}.Debug|Any CPU.Build.0 = Debug|Any CPU
		{A5C7EB3A-0EBF-4BF1-8657-18512CA23379}.Release|Any CPU.ActiveCfg = Release|Any CPU
		{A5C7EB3A-0EBF-4BF1-8657-18512CA23379}.Release|Any CPU.Build.0 = Release|Any CPU
		{2DD09EB2-416A-4823-A2D8-9C47277E53E1}.Debug|Any CPU.ActiveCfg = Debug|Any CPU
		{2DD09EB2-416A-4823-A2D8-9C47277E53E1}.Debug|Any CPU.Build.0 = Debug|Any CPU
		{2DD09EB2-416A-4823-A2D8-9C47277E53E1}.Release|Any CPU.ActiveCfg = Release|Any CPU
		{2DD09EB2-416A-4823-A2D8-9C47277E53E1}.Release|Any CPU.Build.0 = Release|Any CPU
	EndGlobalSection
	GlobalSection(SolutionProperties) = preSolution
		HideSolutionNode = FALSE
	EndGlobalSection
	GlobalSection(ExtensibilityGlobals) = postSolution
		SolutionGuid = {6E3F73C4-136E-44CA-9914-2DEE9BDBF506}
	EndGlobalSection
EndGlobal
